
Microsoft Visual Studio Solution File, Format Version 12.00
# Visual Studio 15
VisualStudioVersion = 15.0.28307.779
MinimumVisualStudioVersion = 10.0.40219.1
Project("{FAE04EC0-301F-11D3-BF4B-00C04F79EFBC}") = "posmsLite", "posmsLite\posmsLite.csproj", "{6FB5C50F-5520-43ED-8800-1890CF2A6064}"
EndProject
Global
	GlobalSection(SolutionConfigurationPlatforms) = preSolution
		Debug|Any CPU = Debug|Any CPU
		Release|Any CPU = Release|Any CPU
	EndGlobalSection
	GlobalSection(ProjectConfigurationPlatforms) = postSolution
		{6FB5C50F-5520-43ED-8800-1890CF2A6064}.Debug|Any CPU.ActiveCfg = Debug|Any CPU
		{6FB5C50F-5520-43ED-8800-1890CF2A6064}.Debug|Any CPU.Build.0 = Debug|Any CPU
		{6FB5C50F-5520-43ED-8800-1890CF2A6064}.Release|Any CPU.ActiveCfg = Release|Any CPU
		{6FB5C50F-5520-43ED-8800-1890CF2A6064}.Release|Any CPU.Build.0 = Release|Any CPU
	EndGlobalSection
	GlobalSection(SolutionProperties) = preSolution
		HideSolutionNode = FALSE
	EndGlobalSection
	GlobalSection(ExtensibilityGlobals) = postSolution
		SolutionGuid = {324FB5F5-E76F-4D8D-8D10-DFB04304B704}
	EndGlobalSection
EndGlobal
